
Microsoft Visual Studio Solution File, Format Version 12.00
# Visual Studio Version 17
VisualStudioVersion = 17.11.35303.130
MinimumVisualStudioVersion = 10.0.40219.1
Project("{FAE04EC0-301F-11D3-BF4B-00C04F79EFBC}") = "ejercicio2_triangulo", "ejercicio2_triangulo\ejercicio2_triangulo.csproj", "{8407A9CC-ADC8-4E55-AA88-A0A796DF5EE8}"
EndProject
Global
	GlobalSection(SolutionConfigurationPlatforms) = preSolution
		Debug|Any CPU = Debug|Any CPU
		Release|Any CPU = Release|Any CPU
	EndGlobalSection
	GlobalSection(ProjectConfigurationPlatforms) = postSolution
		{8407A9CC-ADC8-4E55-AA88-A0A796DF5EE8}.Debug|Any CPU.ActiveCfg = Debug|Any CPU
		{8407A9CC-ADC8-4E55-AA88-A0A796DF5EE8}.Debug|Any CPU.Build.0 = Debug|Any CPU
		{8407A9CC-ADC8-4E55-AA88-A0A796DF5EE8}.Release|Any CPU.ActiveCfg = Release|Any CPU
		{8407A9CC-ADC8-4E55-AA88-A0A796DF5EE8}.Release|Any CPU.Build.0 = Release|Any CPU
	EndGlobalSection
	GlobalSection(SolutionProperties) = preSolution
		HideSolutionNode = FALSE
	EndGlobalSection
	GlobalSection(ExtensibilityGlobals) = postSolution
		SolutionGuid = {1032812B-D67B-4C9C-8194-4FD2F63B33B6}
	EndGlobalSection
EndGlobal
