
Microsoft Visual Studio Solution File, Format Version 12.00
# Visual Studio Version 17
VisualStudioVersion = 17.11.35219.272
MinimumVisualStudioVersion = 10.0.40219.1
Project("{FAE04EC0-301F-11D3-BF4B-00C04F79EFBC}") = "ejercicio1_coordenadas", "ejercicio1_coordenadas.csproj", "{0BEA40FC-C5BF-45FE-8540-C067DD6F6AF4}"
EndProject
Global
	GlobalSection(SolutionConfigurationPlatforms) = preSolution
		Debug|Any CPU = Debug|Any CPU
		Release|Any CPU = Release|Any CPU
	EndGlobalSection
	GlobalSection(ProjectConfigurationPlatforms) = postSolution
		{0BEA40FC-C5BF-45FE-8540-C067DD6F6AF4}.Debug|Any CPU.ActiveCfg = Debug|Any CPU
		{0BEA40FC-C5BF-45FE-8540-C067DD6F6AF4}.Debug|Any CPU.Build.0 = Debug|Any CPU
		{0BEA40FC-C5BF-45FE-8540-C067DD6F6AF4}.Release|Any CPU.ActiveCfg = Release|Any CPU
		{0BEA40FC-C5BF-45FE-8540-C067DD6F6AF4}.Release|Any CPU.Build.0 = Release|Any CPU
	EndGlobalSection
	GlobalSection(SolutionProperties) = preSolution
		HideSolutionNode = FALSE
	EndGlobalSection
	GlobalSection(ExtensibilityGlobals) = postSolution
		SolutionGuid = {1C19728D-9874-4475-BD2D-A982E3BF4583}
	EndGlobalSection
EndGlobal
